
Microsoft Visual Studio Solution File, Format Version 12.00
# Visual Studio Version 17
VisualStudioVersion = 17.0.31423.177
MinimumVisualStudioVersion = 10.0.40219.1
Project("{9A19103F-16F7-4668-BE54-9A1E7A4F7556}") = "MinimalApi", "MinimalApi.csproj", "{4E5B1C4C-90C7-41B2-87DA-90E42B7E60BA}"
EndProject
Global
	GlobalSection(SolutionConfigurationPlatforms) = preSolution
		Debug|Any CPU = Debug|Any CPU
		Release|Any CPU = Release|Any CPU
	EndGlobalSection
	GlobalSection(ProjectConfigurationPlatforms) = postSolution
		{4E5B1C4C-90C7-41B2-87DA-90E42B7E60BA}.Debug|Any CPU.ActiveCfg = Debug|Any CPU
		{4E5B1C4C-90C7-41B2-87DA-90E42B7E60BA}.Debug|Any CPU.Build.0 = Debug|Any CPU
		{4E5B1C4C-90C7-41B2-87DA-90E42B7E60BA}.Release|Any CPU.ActiveCfg = Release|Any CPU
		{4E5B1C4C-90C7-41B2-87DA-90E42B7E60BA}.Release|Any CPU.Build.0 = Release|Any CPU
	EndGlobalSection
	GlobalSection(SolutionProperties) = preSolution
		HideSolutionNode = FALSE
	EndGlobalSection
	GlobalSection(ExtensibilityGlobals) = postSolution
		SolutionGuid = {FE29CE1D-8DEA-4F82-97AA-0ABA33E386B1}
	EndGlobalSection
EndGlobal
